
Microsoft Visual Studio Solution File, Format Version 12.00
# Visual Studio Version 16
VisualStudioVersion = 16.0.31019.35
MinimumVisualStudioVersion = 10.0.40219.1
Project("{9A19103F-16F7-4668-BE54-9A1E7A4F7556}") = "DIO.Series", "DIO.Series.csproj", "{556F363B-2020-4F9A-8D5C-62B04D422671}"
EndProject
Global
	GlobalSection(SolutionConfigurationPlatforms) = preSolution
		Debug|Any CPU = Debug|Any CPU
		Release|Any CPU = Release|Any CPU
	EndGlobalSection
	GlobalSection(ProjectConfigurationPlatforms) = postSolution
		{556F363B-2020-4F9A-8D5C-62B04D422671}.Debug|Any CPU.ActiveCfg = Debug|Any CPU
		{556F363B-2020-4F9A-8D5C-62B04D422671}.Debug|Any CPU.Build.0 = Debug|Any CPU
		{556F363B-2020-4F9A-8D5C-62B04D422671}.Release|Any CPU.ActiveCfg = Release|Any CPU
		{556F363B-2020-4F9A-8D5C-62B04D422671}.Release|Any CPU.Build.0 = Release|Any CPU
	EndGlobalSection
	GlobalSection(SolutionProperties) = preSolution
		HideSolutionNode = FALSE
	EndGlobalSection
	GlobalSection(ExtensibilityGlobals) = postSolution
		SolutionGuid = {DBE773AD-5561-46EB-855A-8A41CF1AC0C0}
	EndGlobalSection
EndGlobal
